
Microsoft Visual Studio Solution File, Format Version 12.00
# Visual Studio Version 17
VisualStudioVersion = 17.13.35806.99 d17.13
MinimumVisualStudioVersion = 10.0.40219.1
Project("{FAE04EC0-301F-11D3-BF4B-00C04F79EFBC}") = "Not_Kayit_Sistemi", "Not_Kayit_Sistemi\Not_Kayit_Sistemi.csproj", "{90CC6B28-3082-4BC1-8C44-C03310618A7E}"
EndProject
Global
	GlobalSection(SolutionConfigurationPlatforms) = preSolution
		Debug|Any CPU = Debug|Any CPU
		Release|Any CPU = Release|Any CPU
	EndGlobalSection
	GlobalSection(ProjectConfigurationPlatforms) = postSolution
		{90CC6B28-3082-4BC1-8C44-C03310618A7E}.Debug|Any CPU.ActiveCfg = Debug|Any CPU
		{90CC6B28-3082-4BC1-8C44-C03310618A7E}.Debug|Any CPU.Build.0 = Debug|Any CPU
		{90CC6B28-3082-4BC1-8C44-C03310618A7E}.Release|Any CPU.ActiveCfg = Release|Any CPU
		{90CC6B28-3082-4BC1-8C44-C03310618A7E}.Release|Any CPU.Build.0 = Release|Any CPU
	EndGlobalSection
	GlobalSection(SolutionProperties) = preSolution
		HideSolutionNode = FALSE
	EndGlobalSection
	GlobalSection(ExtensibilityGlobals) = postSolution
		SolutionGuid = {8C68F6FD-518E-44BB-BEEE-B665C0A06833}
	EndGlobalSection
EndGlobal
